
Microsoft Visual Studio Solution File, Format Version 12.00
# Visual Studio Version 17
VisualStudioVersion = 17.0.31903.59
MinimumVisualStudioVersion = 10.0.40219.1
Project("{FAE04EC0-301F-11D3-BF4B-00C04F79EFBC}") = "Quasar.Web", "Quasar.Web\Quasar.Web.csproj", "{718E7163-79FC-4536-8ED7-36EBEF0BA4CA}"
EndProject
Project("{FAE04EC0-301F-11D3-BF4B-00C04F79EFBC}") = "Quasar.Core", "Quasar.Core\Quasar.Core.csproj", "{DC9678BD-E6E8-479E-8A1B-25B95ADD1FF7}"
EndProject
Project("{FAE04EC0-301F-11D3-BF4B-00C04F79EFBC}") = "Quasar.Cqrs", "Quasar.Cqrs\Quasar.Cqrs.csproj", "{E9ACFF8E-C28A-4D15-8937-AE0C10D5A202}"
EndProject
Project("{FAE04EC0-301F-11D3-BF4B-00C04F79EFBC}") = "Quasar.Domain", "Quasar.Domain\Quasar.Domain.csproj", "{37A3C562-62A2-4214-B517-227388E5515B}"
EndProject
Project("{FAE04EC0-301F-11D3-BF4B-00C04F79EFBC}") = "Quasar.EventSourcing.Abstractions", "Quasar.EventSourcing.Abstractions\Quasar.EventSourcing.Abstractions.csproj", "{90F24D11-6854-49BF-A21F-684FC138831A}"
EndProject
Project("{FAE04EC0-301F-11D3-BF4B-00C04F79EFBC}") = "Quasar.Security", "Quasar.Security\Quasar.Security.csproj", "{716DD8AC-1755-4D32-BE69-4075C4E012FB}"
EndProject
Project("{FAE04EC0-301F-11D3-BF4B-00C04F79EFBC}") = "Quasar.Persistence.Abstractions", "Quasar.Persistence.Abstractions\Quasar.Persistence.Abstractions.csproj", "{E671DD1B-0CE7-4E4F-B492-75B6D172BC55}"
EndProject
Project("{FAE04EC0-301F-11D3-BF4B-00C04F79EFBC}") = "Quasar.Persistence.TimeSeries.Timescale", "Quasar.Persistence.TimeSeries.Timescale\Quasar.Persistence.TimeSeries.Timescale.csproj", "{B7C454DB-25AB-42DB-9C06-A8D9BFFCF858}"
EndProject
Project("{FAE04EC0-301F-11D3-BF4B-00C04F79EFBC}") = "Quasar.Persistence.Relational.EfCore", "Quasar.Persistence.Relational.EfCore\Quasar.Persistence.Relational.EfCore.csproj", "{F7D7BB53-7B0A-4220-B87C-9D35AB33D429}"
EndProject
Project("{FAE04EC0-301F-11D3-BF4B-00C04F79EFBC}") = "Quasar.Projections.Abstractions", "Quasar.Projections.Abstractions\Quasar.Projections.Abstractions.csproj", "{68A27CE8-11A7-4FAE-B95E-2D69FD4FF6CA}"
EndProject
Project("{FAE04EC0-301F-11D3-BF4B-00C04F79EFBC}") = "Quasar.Persistence.Document.Mongo", "Quasar.Persistence.Document.Mongo\Quasar.Persistence.Document.Mongo.csproj", "{7973C375-514C-476D-82B3-A9F0B9461DD5}"
EndProject
Project("{FAE04EC0-301F-11D3-BF4B-00C04F79EFBC}") = "Quasar.EventSourcing.SqlServer", "Quasar.EventSourcing.SqlServer\Quasar.EventSourcing.SqlServer.csproj", "{3B14B66A-08CB-4F9F-AC29-CEF22227FC80}"
EndProject
Project("{FAE04EC0-301F-11D3-BF4B-00C04F79EFBC}") = "Quasar.EventSourcing.InMemory", "Quasar.EventSourcing.InMemory\Quasar.EventSourcing.InMemory.csproj", "{47534B7C-17B6-4225-AEE7-D9B937548799}"
EndProject
Project("{FAE04EC0-301F-11D3-BF4B-00C04F79EFBC}") = "Quasar.Tests", "Quasar.Tests\Quasar.Tests.csproj", "{022B3531-797E-4D16-87BE-DE7B3DDB16EC}"
EndProject
Project("{FAE04EC0-301F-11D3-BF4B-00C04F79EFBC}") = "Quasar.Samples.BasicApi", "Quasar.Samples.BasicApi\Quasar.Samples.BasicApi.csproj", "{57333E68-ADBD-49A4-AEA7-5E28A97738A9}"
EndProject
Project("{FAE04EC0-301F-11D3-BF4B-00C04F79EFBC}") = "Quasar.EventSourcing.Sqlite", "Quasar.EventSourcing.Sqlite\Quasar.EventSourcing.Sqlite.csproj", "{559C759B-55BD-4344-9E28-46FB774AA5E9}"
EndProject
Project("{FAE04EC0-301F-11D3-BF4B-00C04F79EFBC}") = "Quasar.Projections.SqlServer", "Quasar.Projections.SqlServer\Quasar.Projections.SqlServer.csproj", "{3C477B5E-C5A1-47D7-8D4A-00BFA8FFBC97}"
EndProject
Project("{FAE04EC0-301F-11D3-BF4B-00C04F79EFBC}") = "Quasar.Projections.Sqlite", "Quasar.Projections.Sqlite\Quasar.Projections.Sqlite.csproj", "{3E156603-BFFB-4204-874E-8A709F1C1C06}"
EndProject
Project("{FAE04EC0-301F-11D3-BF4B-00C04F79EFBC}") = "Quasar.Identity", "Quasar.Identity\Quasar.Identity.csproj", "{1C187CC4-CC01-4592-8323-3B2ADC2DB958}"
EndProject
Project("{FAE04EC0-301F-11D3-BF4B-00C04F79EFBC}") = "Quasar.Identity.Persistence", "Quasar.Identity.Persistence\Quasar.Identity.Persistence.csproj", "{49C184E4-E91C-4E93-A54F-38E09372F4BE}"
EndProject
Project("{FAE04EC0-301F-11D3-BF4B-00C04F79EFBC}") = "Quasar.Identity.Persistence.Relational.EfCore", "Quasar.Identity.Persistence.Relational.EfCore\Quasar.Identity.Persistence.Relational.EfCore.csproj", "{48B8C874-4BD8-4691-B898-24AF1ABFB7BE}"
EndProject
Project("{FAE04EC0-301F-11D3-BF4B-00C04F79EFBC}") = "Quasar.Identity.Web", "Quasar.Identity.Web\Quasar.Identity.Web.csproj", "{7903BFA4-3EE8-4CA8-81EB-7F4F3AF3CAA1}"
EndProject
Project("{FAE04EC0-301F-11D3-BF4B-00C04F79EFBC}") = "Quasar.Logging", "Quasar.Logging\Quasar.Logging.csproj", "{B6613735-58FF-4018-8233-F777DAF5E054}"
EndProject
Project("{FAE04EC0-301F-11D3-BF4B-00C04F79EFBC}") = "Quasar.Seeding", "Quasar.Seeding\Quasar.Seeding.csproj", "{A48A1333-F602-4B6B-9257-E336D9C54413}"
EndProject
Project("{FAE04EC0-301F-11D3-BF4B-00C04F79EFBC}") = "Quasar.RealTime", "Quasar.RealTime\Quasar.RealTime.csproj", "{1C8B8CFE-2C7F-4FB4-B1AC-914D434878FC}"
EndProject
Project("{FAE04EC0-301F-11D3-BF4B-00C04F79EFBC}") = "Quasar.RealTime.SignalR", "Quasar.RealTime.SignalR\Quasar.RealTime.SignalR.csproj", "{D72BB0CE-54F8-487F-BCF2-8FA2086086C7}"
EndProject
Global
	GlobalSection(SolutionConfigurationPlatforms) = preSolution
		Debug|Any CPU = Debug|Any CPU
		Debug|x64 = Debug|x64
		Debug|x86 = Debug|x86
		Release|Any CPU = Release|Any CPU
		Release|x64 = Release|x64
		Release|x86 = Release|x86
	EndGlobalSection
	GlobalSection(ProjectConfigurationPlatforms) = postSolution
		{718E7163-79FC-4536-8ED7-36EBEF0BA4CA}.Debug|Any CPU.ActiveCfg = Debug|Any CPU
		{718E7163-79FC-4536-8ED7-36EBEF0BA4CA}.Debug|Any CPU.Build.0 = Debug|Any CPU
		{718E7163-79FC-4536-8ED7-36EBEF0BA4CA}.Debug|x64.ActiveCfg = Debug|Any CPU
		{718E7163-79FC-4536-8ED7-36EBEF0BA4CA}.Debug|x64.Build.0 = Debug|Any CPU
		{718E7163-79FC-4536-8ED7-36EBEF0BA4CA}.Debug|x86.ActiveCfg = Debug|Any CPU
		{718E7163-79FC-4536-8ED7-36EBEF0BA4CA}.Debug|x86.Build.0 = Debug|Any CPU
		{718E7163-79FC-4536-8ED7-36EBEF0BA4CA}.Release|Any CPU.ActiveCfg = Release|Any CPU
		{718E7163-79FC-4536-8ED7-36EBEF0BA4CA}.Release|Any CPU.Build.0 = Release|Any CPU
		{718E7163-79FC-4536-8ED7-36EBEF0BA4CA}.Release|x64.ActiveCfg = Release|Any CPU
		{718E7163-79FC-4536-8ED7-36EBEF0BA4CA}.Release|x64.Build.0 = Release|Any CPU
		{718E7163-79FC-4536-8ED7-36EBEF0BA4CA}.Release|x86.ActiveCfg = Release|Any CPU
		{718E7163-79FC-4536-8ED7-36EBEF0BA4CA}.Release|x86.Build.0 = Release|Any CPU
		{DC9678BD-E6E8-479E-8A1B-25B95ADD1FF7}.Debug|Any CPU.ActiveCfg = Debug|Any CPU
		{DC9678BD-E6E8-479E-8A1B-25B95ADD1FF7}.Debug|Any CPU.Build.0 = Debug|Any CPU
		{DC9678BD-E6E8-479E-8A1B-25B95ADD1FF7}.Debug|x64.ActiveCfg = Debug|Any CPU
		{DC9678BD-E6E8-479E-8A1B-25B95ADD1FF7}.Debug|x64.Build.0 = Debug|Any CPU
		{DC9678BD-E6E8-479E-8A1B-25B95ADD1FF7}.Debug|x86.ActiveCfg = Debug|Any CPU
		{DC9678BD-E6E8-479E-8A1B-25B95ADD1FF7}.Debug|x86.Build.0 = Debug|Any CPU
		{DC9678BD-E6E8-479E-8A1B-25B95ADD1FF7}.Release|Any CPU.ActiveCfg = Release|Any CPU
		{DC9678BD-E6E8-479E-8A1B-25B95ADD1FF7}.Release|Any CPU.Build.0 = Release|Any CPU
		{DC9678BD-E6E8-479E-8A1B-25B95ADD1FF7}.Release|x64.ActiveCfg = Release|Any CPU
		{DC9678BD-E6E8-479E-8A1B-25B95ADD1FF7}.Release|x64.Build.0 = Release|Any CPU
		{DC9678BD-E6E8-479E-8A1B-25B95ADD1FF7}.Release|x86.ActiveCfg = Release|Any CPU
		{DC9678BD-E6E8-479E-8A1B-25B95ADD1FF7}.Release|x86.Build.0 = Release|Any CPU
		{E9ACFF8E-C28A-4D15-8937-AE0C10D5A202}.Debug|Any CPU.ActiveCfg = Debug|Any CPU
		{E9ACFF8E-C28A-4D15-8937-AE0C10D5A202}.Debug|Any CPU.Build.0 = Debug|Any CPU
		{E9ACFF8E-C28A-4D15-8937-AE0C10D5A202}.Debug|x64.ActiveCfg = Debug|Any CPU
		{E9ACFF8E-C28A-4D15-8937-AE0C10D5A202}.Debug|x64.Build.0 = Debug|Any CPU
		{E9ACFF8E-C28A-4D15-8937-AE0C10D5A202}.Debug|x86.ActiveCfg = Debug|Any CPU
		{E9ACFF8E-C28A-4D15-8937-AE0C10D5A202}.Debug|x86.Build.0 = Debug|Any CPU
		{E9ACFF8E-C28A-4D15-8937-AE0C10D5A202}.Release|Any CPU.ActiveCfg = Release|Any CPU
		{E9ACFF8E-C28A-4D15-8937-AE0C10D5A202}.Release|Any CPU.Build.0 = Release|Any CPU
		{E9ACFF8E-C28A-4D15-8937-AE0C10D5A202}.Release|x64.ActiveCfg = Release|Any CPU
		{E9ACFF8E-C28A-4D15-8937-AE0C10D5A202}.Release|x64.Build.0 = Release|Any CPU
		{E9ACFF8E-C28A-4D15-8937-AE0C10D5A202}.Release|x86.ActiveCfg = Release|Any CPU
		{E9ACFF8E-C28A-4D15-8937-AE0C10D5A202}.Release|x86.Build.0 = Release|Any CPU
		{37A3C562-62A2-4214-B517-227388E5515B}.Debug|Any CPU.ActiveCfg = Debug|Any CPU
		{37A3C562-62A2-4214-B517-227388E5515B}.Debug|Any CPU.Build.0 = Debug|Any CPU
		{37A3C562-62A2-4214-B517-227388E5515B}.Debug|x64.ActiveCfg = Debug|Any CPU
		{37A3C562-62A2-4214-B517-227388E5515B}.Debug|x64.Build.0 = Debug|Any CPU
		{37A3C562-62A2-4214-B517-227388E5515B}.Debug|x86.ActiveCfg = Debug|Any CPU
		{37A3C562-62A2-4214-B517-227388E5515B}.Debug|x86.Build.0 = Debug|Any CPU
		{37A3C562-62A2-4214-B517-227388E5515B}.Release|Any CPU.ActiveCfg = Release|Any CPU
		{37A3C562-62A2-4214-B517-227388E5515B}.Release|Any CPU.Build.0 = Release|Any CPU
		{37A3C562-62A2-4214-B517-227388E5515B}.Release|x64.ActiveCfg = Release|Any CPU
		{37A3C562-62A2-4214-B517-227388E5515B}.Release|x64.Build.0 = Release|Any CPU
		{37A3C562-62A2-4214-B517-227388E5515B}.Release|x86.ActiveCfg = Release|Any CPU
		{37A3C562-62A2-4214-B517-227388E5515B}.Release|x86.Build.0 = Release|Any CPU
		{90F24D11-6854-49BF-A21F-684FC138831A}.Debug|Any CPU.ActiveCfg = Debug|Any CPU
		{90F24D11-6854-49BF-A21F-684FC138831A}.Debug|Any CPU.Build.0 = Debug|Any CPU
		{90F24D11-6854-49BF-A21F-684FC138831A}.Debug|x64.ActiveCfg = Debug|Any CPU
		{90F24D11-6854-49BF-A21F-684FC138831A}.Debug|x64.Build.0 = Debug|Any CPU
		{90F24D11-6854-49BF-A21F-684FC138831A}.Debug|x86.ActiveCfg = Debug|Any CPU
		{90F24D11-6854-49BF-A21F-684FC138831A}.Debug|x86.Build.0 = Debug|Any CPU
		{90F24D11-6854-49BF-A21F-684FC138831A}.Release|Any CPU.ActiveCfg = Release|Any CPU
		{90F24D11-6854-49BF-A21F-684FC138831A}.Release|Any CPU.Build.0 = Release|Any CPU
		{90F24D11-6854-49BF-A21F-684FC138831A}.Release|x64.ActiveCfg = Release|Any CPU
		{90F24D11-6854-49BF-A21F-684FC138831A}.Release|x64.Build.0 = Release|Any CPU
		{90F24D11-6854-49BF-A21F-684FC138831A}.Release|x86.ActiveCfg = Release|Any CPU
		{90F24D11-6854-49BF-A21F-684FC138831A}.Release|x86.Build.0 = Release|Any CPU
		{716DD8AC-1755-4D32-BE69-4075C4E012FB}.Debug|Any CPU.ActiveCfg = Debug|Any CPU
		{716DD8AC-1755-4D32-BE69-4075C4E012FB}.Debug|Any CPU.Build.0 = Debug|Any CPU
		{716DD8AC-1755-4D32-BE69-4075C4E012FB}.Debug|x64.ActiveCfg = Debug|Any CPU
		{716DD8AC-1755-4D32-BE69-4075C4E012FB}.Debug|x64.Build.0 = Debug|Any CPU
		{716DD8AC-1755-4D32-BE69-4075C4E012FB}.Debug|x86.ActiveCfg = Debug|Any CPU
		{716DD8AC-1755-4D32-BE69-4075C4E012FB}.Debug|x86.Build.0 = Debug|Any CPU
		{716DD8AC-1755-4D32-BE69-4075C4E012FB}.Release|Any CPU.ActiveCfg = Release|Any CPU
		{716DD8AC-1755-4D32-BE69-4075C4E012FB}.Release|Any CPU.Build.0 = Release|Any CPU
		{716DD8AC-1755-4D32-BE69-4075C4E012FB}.Release|x64.ActiveCfg = Release|Any CPU
		{716DD8AC-1755-4D32-BE69-4075C4E012FB}.Release|x64.Build.0 = Release|Any CPU
		{716DD8AC-1755-4D32-BE69-4075C4E012FB}.Release|x86.ActiveCfg = Release|Any CPU
		{716DD8AC-1755-4D32-BE69-4075C4E012FB}.Release|x86.Build.0 = Release|Any CPU
		{E671DD1B-0CE7-4E4F-B492-75B6D172BC55}.Debug|Any CPU.ActiveCfg = Debug|Any CPU
		{E671DD1B-0CE7-4E4F-B492-75B6D172BC55}.Debug|Any CPU.Build.0 = Debug|Any CPU
		{E671DD1B-0CE7-4E4F-B492-75B6D172BC55}.Debug|x64.ActiveCfg = Debug|Any CPU
		{E671DD1B-0CE7-4E4F-B492-75B6D172BC55}.Debug|x64.Build.0 = Debug|Any CPU
		{E671DD1B-0CE7-4E4F-B492-75B6D172BC55}.Debug|x86.ActiveCfg = Debug|Any CPU
		{E671DD1B-0CE7-4E4F-B492-75B6D172BC55}.Debug|x86.Build.0 = Debug|Any CPU
		{E671DD1B-0CE7-4E4F-B492-75B6D172BC55}.Release|Any CPU.ActiveCfg = Release|Any CPU
		{E671DD1B-0CE7-4E4F-B492-75B6D172BC55}.Release|Any CPU.Build.0 = Release|Any CPU
		{E671DD1B-0CE7-4E4F-B492-75B6D172BC55}.Release|x64.ActiveCfg = Release|Any CPU
		{E671DD1B-0CE7-4E4F-B492-75B6D172BC55}.Release|x64.Build.0 = Release|Any CPU
		{E671DD1B-0CE7-4E4F-B492-75B6D172BC55}.Release|x86.ActiveCfg = Release|Any CPU
		{E671DD1B-0CE7-4E4F-B492-75B6D172BC55}.Release|x86.Build.0 = Release|Any CPU
		{B7C454DB-25AB-42DB-9C06-A8D9BFFCF858}.Debug|Any CPU.ActiveCfg = Debug|Any CPU
		{B7C454DB-25AB-42DB-9C06-A8D9BFFCF858}.Debug|Any CPU.Build.0 = Debug|Any CPU
		{B7C454DB-25AB-42DB-9C06-A8D9BFFCF858}.Debug|x64.ActiveCfg = Debug|Any CPU
		{B7C454DB-25AB-42DB-9C06-A8D9BFFCF858}.Debug|x64.Build.0 = Debug|Any CPU
		{B7C454DB-25AB-42DB-9C06-A8D9BFFCF858}.Debug|x86.ActiveCfg = Debug|Any CPU
		{B7C454DB-25AB-42DB-9C06-A8D9BFFCF858}.Debug|x86.Build.0 = Debug|Any CPU
		{B7C454DB-25AB-42DB-9C06-A8D9BFFCF858}.Release|Any CPU.ActiveCfg = Release|Any CPU
		{B7C454DB-25AB-42DB-9C06-A8D9BFFCF858}.Release|Any CPU.Build.0 = Release|Any CPU
		{B7C454DB-25AB-42DB-9C06-A8D9BFFCF858}.Release|x64.ActiveCfg = Release|Any CPU
		{B7C454DB-25AB-42DB-9C06-A8D9BFFCF858}.Release|x64.Build.0 = Release|Any CPU
		{B7C454DB-25AB-42DB-9C06-A8D9BFFCF858}.Release|x86.ActiveCfg = Release|Any CPU
		{B7C454DB-25AB-42DB-9C06-A8D9BFFCF858}.Release|x86.Build.0 = Release|Any CPU
		{F7D7BB53-7B0A-4220-B87C-9D35AB33D429}.Debug|Any CPU.ActiveCfg = Debug|Any CPU
		{F7D7BB53-7B0A-4220-B87C-9D35AB33D429}.Debug|Any CPU.Build.0 = Debug|Any CPU
		{F7D7BB53-7B0A-4220-B87C-9D35AB33D429}.Debug|x64.ActiveCfg = Debug|Any CPU
		{F7D7BB53-7B0A-4220-B87C-9D35AB33D429}.Debug|x64.Build.0 = Debug|Any CPU
		{F7D7BB53-7B0A-4220-B87C-9D35AB33D429}.Debug|x86.ActiveCfg = Debug|Any CPU
		{F7D7BB53-7B0A-4220-B87C-9D35AB33D429}.Debug|x86.Build.0 = Debug|Any CPU
		{F7D7BB53-7B0A-4220-B87C-9D35AB33D429}.Release|Any CPU.ActiveCfg = Release|Any CPU
		{F7D7BB53-7B0A-4220-B87C-9D35AB33D429}.Release|Any CPU.Build.0 = Release|Any CPU
		{F7D7BB53-7B0A-4220-B87C-9D35AB33D429}.Release|x64.ActiveCfg = Release|Any CPU
		{F7D7BB53-7B0A-4220-B87C-9D35AB33D429}.Release|x64.Build.0 = Release|Any CPU
		{F7D7BB53-7B0A-4220-B87C-9D35AB33D429}.Release|x86.ActiveCfg = Release|Any CPU
		{F7D7BB53-7B0A-4220-B87C-9D35AB33D429}.Release|x86.Build.0 = Release|Any CPU
		{68A27CE8-11A7-4FAE-B95E-2D69FD4FF6CA}.Debug|Any CPU.ActiveCfg = Debug|Any CPU
		{68A27CE8-11A7-4FAE-B95E-2D69FD4FF6CA}.Debug|Any CPU.Build.0 = Debug|Any CPU
		{68A27CE8-11A7-4FAE-B95E-2D69FD4FF6CA}.Debug|x64.ActiveCfg = Debug|Any CPU
		{68A27CE8-11A7-4FAE-B95E-2D69FD4FF6CA}.Debug|x64.Build.0 = Debug|Any CPU
		{68A27CE8-11A7-4FAE-B95E-2D69FD4FF6CA}.Debug|x86.ActiveCfg = Debug|Any CPU
		{68A27CE8-11A7-4FAE-B95E-2D69FD4FF6CA}.Debug|x86.Build.0 = Debug|Any CPU
		{68A27CE8-11A7-4FAE-B95E-2D69FD4FF6CA}.Release|Any CPU.ActiveCfg = Release|Any CPU
		{68A27CE8-11A7-4FAE-B95E-2D69FD4FF6CA}.Release|Any CPU.Build.0 = Release|Any CPU
		{68A27CE8-11A7-4FAE-B95E-2D69FD4FF6CA}.Release|x64.ActiveCfg = Release|Any CPU
		{68A27CE8-11A7-4FAE-B95E-2D69FD4FF6CA}.Release|x64.Build.0 = Release|Any CPU
		{68A27CE8-11A7-4FAE-B95E-2D69FD4FF6CA}.Release|x86.ActiveCfg = Release|Any CPU
		{68A27CE8-11A7-4FAE-B95E-2D69FD4FF6CA}.Release|x86.Build.0 = Release|Any CPU
		{7973C375-514C-476D-82B3-A9F0B9461DD5}.Debug|Any CPU.ActiveCfg = Debug|Any CPU
		{7973C375-514C-476D-82B3-A9F0B9461DD5}.Debug|Any CPU.Build.0 = Debug|Any CPU
		{7973C375-514C-476D-82B3-A9F0B9461DD5}.Debug|x64.ActiveCfg = Debug|Any CPU
		{7973C375-514C-476D-82B3-A9F0B9461DD5}.Debug|x64.Build.0 = Debug|Any CPU
		{7973C375-514C-476D-82B3-A9F0B9461DD5}.Debug|x86.ActiveCfg = Debug|Any CPU
		{7973C375-514C-476D-82B3-A9F0B9461DD5}.Debug|x86.Build.0 = Debug|Any CPU
		{7973C375-514C-476D-82B3-A9F0B9461DD5}.Release|Any CPU.ActiveCfg = Release|Any CPU
		{7973C375-514C-476D-82B3-A9F0B9461DD5}.Release|Any CPU.Build.0 = Release|Any CPU
		{7973C375-514C-476D-82B3-A9F0B9461DD5}.Release|x64.ActiveCfg = Release|Any CPU
		{7973C375-514C-476D-82B3-A9F0B9461DD5}.Release|x64.Build.0 = Release|Any CPU
		{7973C375-514C-476D-82B3-A9F0B9461DD5}.Release|x86.ActiveCfg = Release|Any CPU
		{7973C375-514C-476D-82B3-A9F0B9461DD5}.Release|x86.Build.0 = Release|Any CPU
		{3B14B66A-08CB-4F9F-AC29-CEF22227FC80}.Debug|Any CPU.ActiveCfg = Debug|Any CPU
		{3B14B66A-08CB-4F9F-AC29-CEF22227FC80}.Debug|Any CPU.Build.0 = Debug|Any CPU
		{3B14B66A-08CB-4F9F-AC29-CEF22227FC80}.Debug|x64.ActiveCfg = Debug|Any CPU
		{3B14B66A-08CB-4F9F-AC29-CEF22227FC80}.Debug|x64.Build.0 = Debug|Any CPU
		{3B14B66A-08CB-4F9F-AC29-CEF22227FC80}.Debug|x86.ActiveCfg = Debug|Any CPU
		{3B14B66A-08CB-4F9F-AC29-CEF22227FC80}.Debug|x86.Build.0 = Debug|Any CPU
		{3B14B66A-08CB-4F9F-AC29-CEF22227FC80}.Release|Any CPU.ActiveCfg = Release|Any CPU
		{3B14B66A-08CB-4F9F-AC29-CEF22227FC80}.Release|Any CPU.Build.0 = Release|Any CPU
		{3B14B66A-08CB-4F9F-AC29-CEF22227FC80}.Release|x64.ActiveCfg = Release|Any CPU
		{3B14B66A-08CB-4F9F-AC29-CEF22227FC80}.Release|x64.Build.0 = Release|Any CPU
		{3B14B66A-08CB-4F9F-AC29-CEF22227FC80}.Release|x86.ActiveCfg = Release|Any CPU
		{3B14B66A-08CB-4F9F-AC29-CEF22227FC80}.Release|x86.Build.0 = Release|Any CPU
		{47534B7C-17B6-4225-AEE7-D9B937548799}.Debug|Any CPU.ActiveCfg = Debug|Any CPU
		{47534B7C-17B6-4225-AEE7-D9B937548799}.Debug|Any CPU.Build.0 = Debug|Any CPU
		{47534B7C-17B6-4225-AEE7-D9B937548799}.Debug|x64.ActiveCfg = Debug|Any CPU
		{47534B7C-17B6-4225-AEE7-D9B937548799}.Debug|x64.Build.0 = Debug|Any CPU
		{47534B7C-17B6-4225-AEE7-D9B937548799}.Debug|x86.ActiveCfg = Debug|Any CPU
		{47534B7C-17B6-4225-AEE7-D9B937548799}.Debug|x86.Build.0 = Debug|Any CPU
		{47534B7C-17B6-4225-AEE7-D9B937548799}.Release|Any CPU.ActiveCfg = Release|Any CPU
		{47534B7C-17B6-4225-AEE7-D9B937548799}.Release|Any CPU.Build.0 = Release|Any CPU
		{47534B7C-17B6-4225-AEE7-D9B937548799}.Release|x64.ActiveCfg = Release|Any CPU
		{47534B7C-17B6-4225-AEE7-D9B937548799}.Release|x64.Build.0 = Release|Any CPU
		{47534B7C-17B6-4225-AEE7-D9B937548799}.Release|x86.ActiveCfg = Release|Any CPU
		{47534B7C-17B6-4225-AEE7-D9B937548799}.Release|x86.Build.0 = Release|Any CPU
		{022B3531-797E-4D16-87BE-DE7B3DDB16EC}.Debug|Any CPU.ActiveCfg = Debug|Any CPU
		{022B3531-797E-4D16-87BE-DE7B3DDB16EC}.Debug|Any CPU.Build.0 = Debug|Any CPU
		{022B3531-797E-4D16-87BE-DE7B3DDB16EC}.Debug|x64.ActiveCfg = Debug|Any CPU
		{022B3531-797E-4D16-87BE-DE7B3DDB16EC}.Debug|x64.Build.0 = Debug|Any CPU
		{022B3531-797E-4D16-87BE-DE7B3DDB16EC}.Debug|x86.ActiveCfg = Debug|Any CPU
		{022B3531-797E-4D16-87BE-DE7B3DDB16EC}.Debug|x86.Build.0 = Debug|Any CPU
		{022B3531-797E-4D16-87BE-DE7B3DDB16EC}.Release|Any CPU.ActiveCfg = Release|Any CPU
		{022B3531-797E-4D16-87BE-DE7B3DDB16EC}.Release|Any CPU.Build.0 = Release|Any CPU
		{022B3531-797E-4D16-87BE-DE7B3DDB16EC}.Release|x64.ActiveCfg = Release|Any CPU
		{022B3531-797E-4D16-87BE-DE7B3DDB16EC}.Release|x64.Build.0 = Release|Any CPU
		{022B3531-797E-4D16-87BE-DE7B3DDB16EC}.Release|x86.ActiveCfg = Release|Any CPU
		{022B3531-797E-4D16-87BE-DE7B3DDB16EC}.Release|x86.Build.0 = Release|Any CPU
		{57333E68-ADBD-49A4-AEA7-5E28A97738A9}.Debug|Any CPU.ActiveCfg = Debug|Any CPU
		{57333E68-ADBD-49A4-AEA7-5E28A97738A9}.Debug|Any CPU.Build.0 = Debug|Any CPU
		{57333E68-ADBD-49A4-AEA7-5E28A97738A9}.Debug|x64.ActiveCfg = Debug|Any CPU
		{57333E68-ADBD-49A4-AEA7-5E28A97738A9}.Debug|x64.Build.0 = Debug|Any CPU
		{57333E68-ADBD-49A4-AEA7-5E28A97738A9}.Debug|x86.ActiveCfg = Debug|Any CPU
		{57333E68-ADBD-49A4-AEA7-5E28A97738A9}.Debug|x86.Build.0 = Debug|Any CPU
		{57333E68-ADBD-49A4-AEA7-5E28A97738A9}.Release|Any CPU.ActiveCfg = Release|Any CPU
		{57333E68-ADBD-49A4-AEA7-5E28A97738A9}.Release|Any CPU.Build.0 = Release|Any CPU
		{57333E68-ADBD-49A4-AEA7-5E28A97738A9}.Release|x64.ActiveCfg = Release|Any CPU
		{57333E68-ADBD-49A4-AEA7-5E28A97738A9}.Release|x64.Build.0 = Release|Any CPU
		{57333E68-ADBD-49A4-AEA7-5E28A97738A9}.Release|x86.ActiveCfg = Release|Any CPU
		{57333E68-ADBD-49A4-AEA7-5E28A97738A9}.Release|x86.Build.0 = Release|Any CPU
		{559C759B-55BD-4344-9E28-46FB774AA5E9}.Debug|Any CPU.ActiveCfg = Debug|Any CPU
		{559C759B-55BD-4344-9E28-46FB774AA5E9}.Debug|Any CPU.Build.0 = Debug|Any CPU
		{559C759B-55BD-4344-9E28-46FB774AA5E9}.Debug|x64.ActiveCfg = Debug|Any CPU
		{559C759B-55BD-4344-9E28-46FB774AA5E9}.Debug|x64.Build.0 = Debug|Any CPU
		{559C759B-55BD-4344-9E28-46FB774AA5E9}.Debug|x86.ActiveCfg = Debug|Any CPU
		{559C759B-55BD-4344-9E28-46FB774AA5E9}.Debug|x86.Build.0 = Debug|Any CPU
		{559C759B-55BD-4344-9E28-46FB774AA5E9}.Release|Any CPU.ActiveCfg = Release|Any CPU
		{559C759B-55BD-4344-9E28-46FB774AA5E9}.Release|Any CPU.Build.0 = Release|Any CPU
		{559C759B-55BD-4344-9E28-46FB774AA5E9}.Release|x64.ActiveCfg = Release|Any CPU
		{559C759B-55BD-4344-9E28-46FB774AA5E9}.Release|x64.Build.0 = Release|Any CPU
		{559C759B-55BD-4344-9E28-46FB774AA5E9}.Release|x86.ActiveCfg = Release|Any CPU
		{559C759B-55BD-4344-9E28-46FB774AA5E9}.Release|x86.Build.0 = Release|Any CPU
		{3C477B5E-C5A1-47D7-8D4A-00BFA8FFBC97}.Debug|Any CPU.ActiveCfg = Debug|Any CPU
		{3C477B5E-C5A1-47D7-8D4A-00BFA8FFBC97}.Debug|Any CPU.Build.0 = Debug|Any CPU
		{3C477B5E-C5A1-47D7-8D4A-00BFA8FFBC97}.Debug|x64.ActiveCfg = Debug|Any CPU
		{3C477B5E-C5A1-47D7-8D4A-00BFA8FFBC97}.Debug|x64.Build.0 = Debug|Any CPU
		{3C477B5E-C5A1-47D7-8D4A-00BFA8FFBC97}.Debug|x86.ActiveCfg = Debug|Any CPU
		{3C477B5E-C5A1-47D7-8D4A-00BFA8FFBC97}.Debug|x86.Build.0 = Debug|Any CPU
		{3C477B5E-C5A1-47D7-8D4A-00BFA8FFBC97}.Release|Any CPU.ActiveCfg = Release|Any CPU
		{3C477B5E-C5A1-47D7-8D4A-00BFA8FFBC97}.Release|Any CPU.Build.0 = Release|Any CPU
		{3C477B5E-C5A1-47D7-8D4A-00BFA8FFBC97}.Release|x64.ActiveCfg = Release|Any CPU
		{3C477B5E-C5A1-47D7-8D4A-00BFA8FFBC97}.Release|x64.Build.0 = Release|Any CPU
		{3C477B5E-C5A1-47D7-8D4A-00BFA8FFBC97}.Release|x86.ActiveCfg = Release|Any CPU
		{3C477B5E-C5A1-47D7-8D4A-00BFA8FFBC97}.Release|x86.Build.0 = Release|Any CPU
		{3E156603-BFFB-4204-874E-8A709F1C1C06}.Debug|Any CPU.ActiveCfg = Debug|Any CPU
		{3E156603-BFFB-4204-874E-8A709F1C1C06}.Debug|Any CPU.Build.0 = Debug|Any CPU
		{3E156603-BFFB-4204-874E-8A709F1C1C06}.Debug|x64.ActiveCfg = Debug|Any CPU
		{3E156603-BFFB-4204-874E-8A709F1C1C06}.Debug|x64.Build.0 = Debug|Any CPU
		{3E156603-BFFB-4204-874E-8A709F1C1C06}.Debug|x86.ActiveCfg = Debug|Any CPU
		{3E156603-BFFB-4204-874E-8A709F1C1C06}.Debug|x86.Build.0 = Debug|Any CPU
		{3E156603-BFFB-4204-874E-8A709F1C1C06}.Release|Any CPU.ActiveCfg = Release|Any CPU
		{3E156603-BFFB-4204-874E-8A709F1C1C06}.Release|Any CPU.Build.0 = Release|Any CPU
		{3E156603-BFFB-4204-874E-8A709F1C1C06}.Release|x64.ActiveCfg = Release|Any CPU
		{3E156603-BFFB-4204-874E-8A709F1C1C06}.Release|x64.Build.0 = Release|Any CPU
		{3E156603-BFFB-4204-874E-8A709F1C1C06}.Release|x86.ActiveCfg = Release|Any CPU
		{3E156603-BFFB-4204-874E-8A709F1C1C06}.Release|x86.Build.0 = Release|Any CPU
		{1C187CC4-CC01-4592-8323-3B2ADC2DB958}.Debug|Any CPU.ActiveCfg = Debug|Any CPU
		{1C187CC4-CC01-4592-8323-3B2ADC2DB958}.Debug|Any CPU.Build.0 = Debug|Any CPU
		{1C187CC4-CC01-4592-8323-3B2ADC2DB958}.Debug|x64.ActiveCfg = Debug|Any CPU
		{1C187CC4-CC01-4592-8323-3B2ADC2DB958}.Debug|x64.Build.0 = Debug|Any CPU
		{1C187CC4-CC01-4592-8323-3B2ADC2DB958}.Debug|x86.ActiveCfg = Debug|Any CPU
		{1C187CC4-CC01-4592-8323-3B2ADC2DB958}.Debug|x86.Build.0 = Debug|Any CPU
		{1C187CC4-CC01-4592-8323-3B2ADC2DB958}.Release|Any CPU.ActiveCfg = Release|Any CPU
		{1C187CC4-CC01-4592-8323-3B2ADC2DB958}.Release|Any CPU.Build.0 = Release|Any CPU
		{1C187CC4-CC01-4592-8323-3B2ADC2DB958}.Release|x64.ActiveCfg = Release|Any CPU
		{1C187CC4-CC01-4592-8323-3B2ADC2DB958}.Release|x64.Build.0 = Release|Any CPU
		{1C187CC4-CC01-4592-8323-3B2ADC2DB958}.Release|x86.ActiveCfg = Release|Any CPU
		{1C187CC4-CC01-4592-8323-3B2ADC2DB958}.Release|x86.Build.0 = Release|Any CPU
		{49C184E4-E91C-4E93-A54F-38E09372F4BE}.Debug|Any CPU.ActiveCfg = Debug|Any CPU
		{49C184E4-E91C-4E93-A54F-38E09372F4BE}.Debug|Any CPU.Build.0 = Debug|Any CPU
		{49C184E4-E91C-4E93-A54F-38E09372F4BE}.Debug|x64.ActiveCfg = Debug|Any CPU
		{49C184E4-E91C-4E93-A54F-38E09372F4BE}.Debug|x64.Build.0 = Debug|Any CPU
		{49C184E4-E91C-4E93-A54F-38E09372F4BE}.Debug|x86.ActiveCfg = Debug|Any CPU
		{49C184E4-E91C-4E93-A54F-38E09372F4BE}.Debug|x86.Build.0 = Debug|Any CPU
		{49C184E4-E91C-4E93-A54F-38E09372F4BE}.Release|Any CPU.ActiveCfg = Release|Any CPU
		{49C184E4-E91C-4E93-A54F-38E09372F4BE}.Release|Any CPU.Build.0 = Release|Any CPU
		{49C184E4-E91C-4E93-A54F-38E09372F4BE}.Release|x64.ActiveCfg = Release|Any CPU
		{49C184E4-E91C-4E93-A54F-38E09372F4BE}.Release|x64.Build.0 = Release|Any CPU
		{49C184E4-E91C-4E93-A54F-38E09372F4BE}.Release|x86.ActiveCfg = Release|Any CPU
		{49C184E4-E91C-4E93-A54F-38E09372F4BE}.Release|x86.Build.0 = Release|Any CPU
		{48B8C874-4BD8-4691-B898-24AF1ABFB7BE}.Debug|Any CPU.ActiveCfg = Debug|Any CPU
		{48B8C874-4BD8-4691-B898-24AF1ABFB7BE}.Debug|Any CPU.Build.0 = Debug|Any CPU
		{48B8C874-4BD8-4691-B898-24AF1ABFB7BE}.Debug|x64.ActiveCfg = Debug|Any CPU
		{48B8C874-4BD8-4691-B898-24AF1ABFB7BE}.Debug|x64.Build.0 = Debug|Any CPU
		{48B8C874-4BD8-4691-B898-24AF1ABFB7BE}.Debug|x86.ActiveCfg = Debug|Any CPU
		{48B8C874-4BD8-4691-B898-24AF1ABFB7BE}.Debug|x86.Build.0 = Debug|Any CPU
		{48B8C874-4BD8-4691-B898-24AF1ABFB7BE}.Release|Any CPU.ActiveCfg = Release|Any CPU
		{48B8C874-4BD8-4691-B898-24AF1ABFB7BE}.Release|Any CPU.Build.0 = Release|Any CPU
		{48B8C874-4BD8-4691-B898-24AF1ABFB7BE}.Release|x64.ActiveCfg = Release|Any CPU
		{48B8C874-4BD8-4691-B898-24AF1ABFB7BE}.Release|x64.Build.0 = Release|Any CPU
		{48B8C874-4BD8-4691-B898-24AF1ABFB7BE}.Release|x86.ActiveCfg = Release|Any CPU
		{48B8C874-4BD8-4691-B898-24AF1ABFB7BE}.Release|x86.Build.0 = Release|Any CPU
		{7903BFA4-3EE8-4CA8-81EB-7F4F3AF3CAA1}.Debug|Any CPU.ActiveCfg = Debug|Any CPU
		{7903BFA4-3EE8-4CA8-81EB-7F4F3AF3CAA1}.Debug|Any CPU.Build.0 = Debug|Any CPU
		{7903BFA4-3EE8-4CA8-81EB-7F4F3AF3CAA1}.Debug|x64.ActiveCfg = Debug|Any CPU
		{7903BFA4-3EE8-4CA8-81EB-7F4F3AF3CAA1}.Debug|x64.Build.0 = Debug|Any CPU
		{7903BFA4-3EE8-4CA8-81EB-7F4F3AF3CAA1}.Debug|x86.ActiveCfg = Debug|Any CPU
		{7903BFA4-3EE8-4CA8-81EB-7F4F3AF3CAA1}.Debug|x86.Build.0 = Debug|Any CPU
		{7903BFA4-3EE8-4CA8-81EB-7F4F3AF3CAA1}.Release|Any CPU.ActiveCfg = Release|Any CPU
		{7903BFA4-3EE8-4CA8-81EB-7F4F3AF3CAA1}.Release|Any CPU.Build.0 = Release|Any CPU
		{7903BFA4-3EE8-4CA8-81EB-7F4F3AF3CAA1}.Release|x64.ActiveCfg = Release|Any CPU
		{7903BFA4-3EE8-4CA8-81EB-7F4F3AF3CAA1}.Release|x64.Build.0 = Release|Any CPU
		{7903BFA4-3EE8-4CA8-81EB-7F4F3AF3CAA1}.Release|x86.ActiveCfg = Release|Any CPU
		{7903BFA4-3EE8-4CA8-81EB-7F4F3AF3CAA1}.Release|x86.Build.0 = Release|Any CPU
		{B6613735-58FF-4018-8233-F777DAF5E054}.Debug|Any CPU.ActiveCfg = Debug|Any CPU
		{B6613735-58FF-4018-8233-F777DAF5E054}.Debug|Any CPU.Build.0 = Debug|Any CPU
		{B6613735-58FF-4018-8233-F777DAF5E054}.Debug|x64.ActiveCfg = Debug|Any CPU
		{B6613735-58FF-4018-8233-F777DAF5E054}.Debug|x64.Build.0 = Debug|Any CPU
		{B6613735-58FF-4018-8233-F777DAF5E054}.Debug|x86.ActiveCfg = Debug|Any CPU
		{B6613735-58FF-4018-8233-F777DAF5E054}.Debug|x86.Build.0 = Debug|Any CPU
		{B6613735-58FF-4018-8233-F777DAF5E054}.Release|Any CPU.ActiveCfg = Release|Any CPU
		{B6613735-58FF-4018-8233-F777DAF5E054}.Release|Any CPU.Build.0 = Release|Any CPU
		{B6613735-58FF-4018-8233-F777DAF5E054}.Release|x64.ActiveCfg = Release|Any CPU
		{B6613735-58FF-4018-8233-F777DAF5E054}.Release|x64.Build.0 = Release|Any CPU
		{B6613735-58FF-4018-8233-F777DAF5E054}.Release|x86.ActiveCfg = Release|Any CPU
		{B6613735-58FF-4018-8233-F777DAF5E054}.Release|x86.Build.0 = Release|Any CPU
		{A48A1333-F602-4B6B-9257-E336D9C54413}.Debug|Any CPU.ActiveCfg = Debug|Any CPU
		{A48A1333-F602-4B6B-9257-E336D9C54413}.Debug|Any CPU.Build.0 = Debug|Any CPU
		{A48A1333-F602-4B6B-9257-E336D9C54413}.Debug|x64.ActiveCfg = Debug|Any CPU
		{A48A1333-F602-4B6B-9257-E336D9C54413}.Debug|x64.Build.0 = Debug|Any CPU
		{A48A1333-F602-4B6B-9257-E336D9C54413}.Debug|x86.ActiveCfg = Debug|Any CPU
		{A48A1333-F602-4B6B-9257-E336D9C54413}.Debug|x86.Build.0 = Debug|Any CPU
		{A48A1333-F602-4B6B-9257-E336D9C54413}.Release|Any CPU.ActiveCfg = Release|Any CPU
		{A48A1333-F602-4B6B-9257-E336D9C54413}.Release|Any CPU.Build.0 = Release|Any CPU
		{A48A1333-F602-4B6B-9257-E336D9C54413}.Release|x64.ActiveCfg = Release|Any CPU
		{A48A1333-F602-4B6B-9257-E336D9C54413}.Release|x64.Build.0 = Release|Any CPU
		{A48A1333-F602-4B6B-9257-E336D9C54413}.Release|x86.ActiveCfg = Release|Any CPU
		{A48A1333-F602-4B6B-9257-E336D9C54413}.Release|x86.Build.0 = Release|Any CPU
		{1C8B8CFE-2C7F-4FB4-B1AC-914D434878FC}.Debug|Any CPU.ActiveCfg = Debug|Any CPU
		{1C8B8CFE-2C7F-4FB4-B1AC-914D434878FC}.Debug|Any CPU.Build.0 = Debug|Any CPU
		{1C8B8CFE-2C7F-4FB4-B1AC-914D434878FC}.Debug|x64.ActiveCfg = Debug|Any CPU
		{1C8B8CFE-2C7F-4FB4-B1AC-914D434878FC}.Debug|x64.Build.0 = Debug|Any CPU
		{1C8B8CFE-2C7F-4FB4-B1AC-914D434878FC}.Debug|x86.ActiveCfg = Debug|Any CPU
		{1C8B8CFE-2C7F-4FB4-B1AC-914D434878FC}.Debug|x86.Build.0 = Debug|Any CPU
		{1C8B8CFE-2C7F-4FB4-B1AC-914D434878FC}.Release|Any CPU.ActiveCfg = Release|Any CPU
		{1C8B8CFE-2C7F-4FB4-B1AC-914D434878FC}.Release|Any CPU.Build.0 = Release|Any CPU
		{1C8B8CFE-2C7F-4FB4-B1AC-914D434878FC}.Release|x64.ActiveCfg = Release|Any CPU
		{1C8B8CFE-2C7F-4FB4-B1AC-914D434878FC}.Release|x64.Build.0 = Release|Any CPU
		{1C8B8CFE-2C7F-4FB4-B1AC-914D434878FC}.Release|x86.ActiveCfg = Release|Any CPU
		{1C8B8CFE-2C7F-4FB4-B1AC-914D434878FC}.Release|x86.Build.0 = Release|Any CPU
		{D72BB0CE-54F8-487F-BCF2-8FA2086086C7}.Debug|Any CPU.ActiveCfg = Debug|Any CPU
		{D72BB0CE-54F8-487F-BCF2-8FA2086086C7}.Debug|Any CPU.Build.0 = Debug|Any CPU
		{D72BB0CE-54F8-487F-BCF2-8FA2086086C7}.Debug|x64.ActiveCfg = Debug|Any CPU
		{D72BB0CE-54F8-487F-BCF2-8FA2086086C7}.Debug|x64.Build.0 = Debug|Any CPU
		{D72BB0CE-54F8-487F-BCF2-8FA2086086C7}.Debug|x86.ActiveCfg = Debug|Any CPU
		{D72BB0CE-54F8-487F-BCF2-8FA2086086C7}.Debug|x86.Build.0 = Debug|Any CPU
		{D72BB0CE-54F8-487F-BCF2-8FA2086086C7}.Release|Any CPU.ActiveCfg = Release|Any CPU
		{D72BB0CE-54F8-487F-BCF2-8FA2086086C7}.Release|Any CPU.Build.0 = Release|Any CPU
		{D72BB0CE-54F8-487F-BCF2-8FA2086086C7}.Release|x64.ActiveCfg = Release|Any CPU
		{D72BB0CE-54F8-487F-BCF2-8FA2086086C7}.Release|x64.Build.0 = Release|Any CPU
		{D72BB0CE-54F8-487F-BCF2-8FA2086086C7}.Release|x86.ActiveCfg = Release|Any CPU
		{D72BB0CE-54F8-487F-BCF2-8FA2086086C7}.Release|x86.Build.0 = Release|Any CPU
	EndGlobalSection
	GlobalSection(SolutionProperties) = preSolution
		HideSolutionNode = FALSE
	EndGlobalSection
EndGlobal
